// !$*UTF8*$!
{
	archiveVersion = 1;
	classes = {
	};
	objectVersion = 46;
	objects = {

/* Begin PBXBuildFile section */
		6658DD931D29B98F005235FB /* StickerPackExtension.appex in Embed App Extensions */ = {isa = PBXBuildFile; fileRef = 6658DD921D29B98F005235FB /* StickerPackExtension.appex */; settings = {ATTRIBUTES = (RemoveHeadersOnCopy, ); }; };
		6658DD971D29B98F005235FB /* Stickers.xcstickers in Resources */ = {isa = PBXBuildFile; fileRef = 6658DD961D29B98F005235FB /* Stickers.xcstickers */; };
		6658DD981D29B98F005235FB /* Stickers.xcstickers in Resources */ = {isa = PBXBuildFile; fileRef = 6658DD961D29B98F005235FB /* Stickers.xcstickers */; };
/* End PBXBuildFile section */

/* Begin PBXContainerItemProxy section */
		6658DD941D29B98F005235FB /* PBXContainerItemProxy */ = {
			isa = PBXContainerItemProxy;
			containerPortal = 6658DD881D29B98F005235FB /* Project object */;
			proxyType = 1;
			remoteGlobalIDString = 6658DD911D29B98F005235FB;
			remoteInfo = StickerPackExtension;
		};
/* End PBXContainerItemProxy section */

/* Begin PBXCopyFilesBuildPhase section */
		6658DD9E1D29B98F005235FB /* Embed App Extensions */ = {
			isa = PBXCopyFilesBuildPhase;
			buildActionMask = 2147483647;
			dstPath = "";
			dstSubfolderSpec = 13;
			files = (
				6658DD931D29B98F005235FB /* StickerPackExtension.appex in Embed App Extensions */,
			);
			name = "Embed App Extensions";
			runOnlyForDeploymentPostprocessing = 0;
		};
/* End PBXCopyFilesBuildPhase section */

/* Begin PBXFileReference section */
		6658DD8E1D29B98F005235FB /* Unicode9 Emoji.app */ = {isa = PBXFileReference; explicitFileType = wrapper.application; includeInIndex = 0; path = "Unicode9 Emoji.app"; sourceTree = BUILT_PRODUCTS_DIR; };
		6658DD921D29B98F005235FB /* StickerPackExtension.appex */ = {isa = PBXFileReference; explicitFileType = "wrapper.app-extension"; includeInIndex = 0; path = StickerPackExtension.appex; sourceTree = BUILT_PRODUCTS_DIR; };
		6658DD961D29B98F005235FB /* Stickers.xcstickers */ = {isa = PBXFileReference; lastKnownFileType = folder.stickers; name = Stickers.xcstickers; path = StickerPackExtension/Stickers.xcstickers; sourceTree = "<group>"; };
/* End PBXFileReference section */

/* Begin PBXGroup section */
		6658DD871D29B98F005235FB = {
			isa = PBXGroup;
			children = (
				6658DD961D29B98F005235FB /* Stickers.xcstickers */,
				6658DD8F1D29B98F005235FB /* Products */,
			);
			sourceTree = "<group>";
		};
		6658DD8F1D29B98F005235FB /* Products */ = {
			isa = PBXGroup;
			children = (
				6658DD8E1D29B98F005235FB /* Unicode9 Emoji.app */,
				6658DD921D29B98F005235FB /* StickerPackExtension.appex */,
			);
			name = Products;
			sourceTree = "<group>";
		};
/* End PBXGroup section */

/* Begin PBXNativeTarget section */
		6658DD8D1D29B98F005235FB /* Unicode9 Emoji */ = {
			isa = PBXNativeTarget;
			buildConfigurationList = 6658DD9F1D29B98F005235FB /* Build configuration list for PBXNativeTarget "Unicode9 Emoji" */;
			buildPhases = (
				6658DD8C1D29B98F005235FB /* Resources */,
				6658DD9E1D29B98F005235FB /* Embed App Extensions */,
			);
			buildRules = (
			);
			dependencies = (
				6658DD951D29B98F005235FB /* PBXTargetDependency */,
			);
			name = "Unicode9 Emoji";
			productName = "Unicode9 Emoji";
			productReference = 6658DD8E1D29B98F005235FB /* Unicode9 Emoji.app */;
			productType = "com.apple.product-type.application.messages";
		};
		6658DD911D29B98F005235FB /* StickerPackExtension */ = {
			isa = PBXNativeTarget;
			buildConfigurationList = 6658DD9B1D29B98F005235FB /* Build configuration list for PBXNativeTarget "StickerPackExtension" */;
			buildPhases = (
				6658DD901D29B98F005235FB /* Resources */,
			);
			buildRules = (
			);
			dependencies = (
			);
			name = StickerPackExtension;
			productName = StickerPackExtension;
			productReference = 6658DD921D29B98F005235FB /* StickerPackExtension.appex */;
			productType = "com.apple.product-type.app-extension.messages-sticker-pack";
		};
/* End PBXNativeTarget section */

/* Begin PBXProject section */
		6658DD881D29B98F005235FB /* Project object */ = {
			isa = PBXProject;
			attributes = {
				LastUpgradeCheck = 0800;
				ORGANIZATIONNAME = "Josh Siegel";
				TargetAttributes = {
					6658DD8D1D29B98F005235FB = {
						CreatedOnToolsVersion = 8.0;
						DevelopmentTeam = 68E2X5S6AZ;
						DevelopmentTeamName = "Josh Siegel";
						ProvisioningStyle = Automatic;
					};
					6658DD911D29B98F005235FB = {
						CreatedOnToolsVersion = 8.0;
						DevelopmentTeam = 68E2X5S6AZ;
						DevelopmentTeamName = "Josh Siegel";
						ProvisioningStyle = Automatic;
					};
				};
			};
			buildConfigurationList = 6658DD8B1D29B98F005235FB /* Build configuration list for PBXProject "Unicode9 Emoji" */;
			compatibilityVersion = "Xcode 3.2";
			developmentRegion = English;
			hasScannedForEncodings = 0;
			knownRegions = (
				en,
			);
			mainGroup = 6658DD871D29B98F005235FB;
			productRefGroup = 6658DD8F1D29B98F005235FB /* Products */;
			projectDirPath = "";
			projectRoot = "";
			targets = (
				6658DD8D1D29B98F005235FB /* Unicode9 Emoji */,
				6658DD911D29B98F005235FB /* StickerPackExtension */,
			);
		};
/* End PBXProject section */

/* Begin PBXResourcesBuildPhase section */
		6658DD8C1D29B98F005235FB /* Resources */ = {
			isa = PBXResourcesBuildPhase;
			buildActionMask = 2147483647;
			files = (
				6658DD981D29B98F005235FB /* Stickers.xcstickers in Resources */,
			);
			runOnlyForDeploymentPostprocessing = 0;
		};
		6658DD901D29B98F005235FB /* Resources */ = {
			isa = PBXResourcesBuildPhase;
			buildActionMask = 2147483647;
			files = (
				6658DD971D29B98F005235FB /* Stickers.xcstickers in Resources */,
			);
			runOnlyForDeploymentPostprocessing = 0;
		};
/* End PBXResourcesBuildPhase section */

/* Begin PBXTargetDependency section */
		6658DD951D29B98F005235FB /* PBXTargetDependency */ = {
			isa = PBXTargetDependency;
			target = 6658DD911D29B98F005235FB /* StickerPackExtension */;
			targetProxy = 6658DD941D29B98F005235FB /* PBXContainerItemProxy */;
		};
/* End PBXTargetDependency section */

/* Begin XCBuildConfiguration section */
		6658DD991D29B98F005235FB /* Debug */ = {
			isa = XCBuildConfiguration;
			buildSettings = {
				ALWAYS_SEARCH_USER_PATHS = NO;
				CLANG_ANALYZER_NONNULL = YES;
				CLANG_CXX_LANGUAGE_STANDARD = "gnu++0x";
				CLANG_CXX_LIBRARY = "libc++";
				CLANG_ENABLE_MODULES = YES;
				CLANG_ENABLE_OBJC_ARC = YES;
				CLANG_WARN_BOOL_CONVERSION = YES;
				CLANG_WARN_CONSTANT_CONVERSION = YES;
				CLANG_WARN_DIRECT_OBJC_ISA_USAGE = YES_ERROR;
				CLANG_WARN_DOCUMENTATION_COMMENTS = YES;
				CLANG_WARN_EMPTY_BODY = YES;
				CLANG_WARN_ENUM_CONVERSION = YES;
				CLANG_WARN_INT_CONVERSION = YES;
				CLANG_WARN_OBJC_ROOT_CLASS = YES_ERROR;
				CLANG_WARN_UNREACHABLE_CODE = YES;
				CLANG_WARN__DUPLICATE_METHOD_MATCH = YES;
				"CODE_SIGN_IDENTITY[sdk=iphoneos*]" = "iPhone Developer";
				COPY_PHASE_STRIP = NO;
				DEBUG_INFORMATION_FORMAT = dwarf;
				ENABLE_STRICT_OBJC_MSGSEND = YES;
				ENABLE_TESTABILITY = YES;
				GCC_C_LANGUAGE_STANDARD = gnu99;
				GCC_DYNAMIC_NO_PIC = NO;
				GCC_NO_COMMON_BLOCKS = YES;
				GCC_OPTIMIZATION_LEVEL = 0;
				GCC_PREPROCESSOR_DEFINITIONS = (
					"DEBUG=1",
					"$(inherited)",
				);
				GCC_WARN_64_TO_32_BIT_CONVERSION = YES;
				GCC_WARN_ABOUT_RETURN_TYPE = YES_ERROR;
				GCC_WARN_UNDECLARED_SELECTOR = YES;
				GCC_WARN_UNINITIALIZED_AUTOS = YES_AGGRESSIVE;
				GCC_WARN_UNUSED_FUNCTION = YES;
				GCC_WARN_UNUSED_VARIABLE = YES;
				IPHONEOS_DEPLOYMENT_TARGET = 10.0;
				MTL_ENABLE_DEBUG_INFO = YES;
				ONLY_ACTIVE_ARCH = YES;
				SDKROOT = iphoneos;
			};
			name = Debug;
		};
		6658DD9A1D29B98F005235FB /* Release */ = {
			isa = XCBuildConfiguration;
			buildSettings = {
				ALWAYS_SEARCH_USER_PATHS = NO;
				CLANG_ANALYZER_NONNULL = YES;
				CLANG_CXX_LANGUAGE_STANDARD = "gnu++0x";
				CLANG_CXX_LIBRARY = "libc++";
				CLANG_ENABLE_MODULES = YES;
				CLANG_ENABLE_OBJC_ARC = YES;
				CLANG_WARN_BOOL_CONVERSION = YES;
				CLANG_WARN_CONSTANT_CONVERSION = YES;
				CLANG_WARN_DIRECT_OBJC_ISA_USAGE = YES_ERROR;
				CLANG_WARN_DOCUMENTATION_COMMENTS = YES;
				CLANG_WARN_EMPTY_BODY = YES;
				CLANG_WARN_ENUM_CONVERSION = YES;
				CLANG_WARN_INT_CONVERSION = YES;
				CLANG_WARN_OBJC_ROOT_CLASS = YES_ERROR;
				CLANG_WARN_UNREACHABLE_CODE = YES;
				CLANG_WARN__DUPLICATE_METHOD_MATCH = YES;
				"CODE_SIGN_IDENTITY[sdk=iphoneos*]" = "iPhone Developer";
				COPY_PHASE_STRIP = NO;
				DEBUG_INFORMATION_FORMAT = "dwarf-with-dsym";
				ENABLE_NS_ASSERTIONS = NO;
				ENABLE_STRICT_OBJC_MSGSEND = YES;
				GCC_C_LANGUAGE_STANDARD = gnu99;
				GCC_NO_COMMON_BLOCKS = YES;
				GCC_WARN_64_TO_32_BIT_CONVERSION = YES;
				GCC_WARN_ABOUT_RETURN_TYPE = YES_ERROR;
				GCC_WARN_UNDECLARED_SELECTOR = YES;
				GCC_WARN_UNINITIALIZED_AUTOS = YES_AGGRESSIVE;
				GCC_WARN_UNUSED_FUNCTION = YES;
				GCC_WARN_UNUSED_VARIABLE = YES;
				IPHONEOS_DEPLOYMENT_TARGET = 10.0;
				MTL_ENABLE_DEBUG_INFO = NO;
				SDKROOT = iphoneos;
				VALIDATE_PRODUCT = YES;
			};
			name = Release;
		};
		6658DD9C1D29B98F005235FB /* Debug */ = {
			isa = XCBuildConfiguration;
			buildSettings = {
				ASSETCATALOG_COMPILER_APPICON_NAME = "iMessage App Icon";
				INFOPLIST_FILE = StickerPackExtension/Info.plist;
				PRODUCT_BUNDLE_IDENTIFIER = "com.JoshTest.Unicode9-Emoji.StickerPackExtension";
				PRODUCT_NAME = "$(TARGET_NAME)";
				SKIP_INSTALL = YES;
			};
			name = Debug;
		};
		6658DD9D1D29B98F005235FB /* Release */ = {
			isa = XCBuildConfiguration;
			buildSettings = {
				ASSETCATALOG_COMPILER_APPICON_NAME = "iMessage App Icon";
				INFOPLIST_FILE = StickerPackExtension/Info.plist;
				PRODUCT_BUNDLE_IDENTIFIER = "com.JoshTest.Unicode9-Emoji.StickerPackExtension";
				PRODUCT_NAME = "$(TARGET_NAME)";
				SKIP_INSTALL = YES;
			};
			name = Release;
		};
		6658DDA01D29B98F005235FB /* Debug */ = {
			isa = XCBuildConfiguration;
			buildSettings = {
				INFOPLIST_FILE = "Unicode9 Emoji/Info.plist";
				PRODUCT_BUNDLE_IDENTIFIER = "com.JoshTest.Unicode9-Emoji";
				PRODUCT_NAME = "$(TARGET_NAME)";
				TARGETED_DEVICE_FAMILY = "1,2";
			};
			name = Debug;
		};
		6658DDA11D29B98F005235FB /* Release */ = {
			isa = XCBuildConfiguration;
			buildSettings = {
				INFOPLIST_FILE = "Unicode9 Emoji/Info.plist";
				PRODUCT_BUNDLE_IDENTIFIER = "com.JoshTest.Unicode9-Emoji";
				PRODUCT_NAME = "$(TARGET_NAME)";
				TARGETED_DEVICE_FAMILY = "1,2";
			};
			name = Release;
		};
/* End XCBuildConfiguration section */

/* Begin XCConfigurationList section */
		6658DD8B1D29B98F005235FB /* Build configuration list for PBXProject "Unicode9 Emoji" */ = {
			isa = XCConfigurationList;
			buildConfigurations = (
				6658DD991D29B98F005235FB /* Debug */,
				6658DD9A1D29B98F005235FB /* Release */,
			);
			defaultConfigurationIsVisible = 0;
			defaultConfigurationName = Release;
		};
		6658DD9B1D29B98F005235FB /* Build configuration list for PBXNativeTarget "StickerPackExtension" */ = {
			isa = XCConfigurationList;
			buildConfigurations = (
				6658DD9C1D29B98F005235FB /* Debug */,
				6658DD9D1D29B98F005235FB /* Release */,
			);
			defaultConfigurationIsVisible = 0;
		};
		6658DD9F1D29B98F005235FB /* Build configuration list for PBXNativeTarget "Unicode9 Emoji" */ = {
			isa = XCConfigurationList;
			buildConfigurations = (
				6658DDA01D29B98F005235FB /* Debug */,
				6658DDA11D29B98F005235FB /* Release */,
			);
			defaultConfigurationIsVisible = 0;
		};
/* End XCConfigurationList section */
	};
	rootObject = 6658DD881D29B98F005235FB /* Project object */;
}
